{
  "name": "isdi-bootcamp-202409",
  "lockfileVersion": 3,
  "requires": true,
  "packages": {
    "": {
      "dependencies": {
        "com": "^0.0.5"
      }
    },
    "node_modules/com": {
      "version": "0.0.5",
      "resolved": "https://registry.npmjs.org/com/-/com-0.0.5.tgz",
      "integrity": "sha512-Lgcdd/xu0PIS7KzlWrzm21unNJSDYAo5h3dt1rDsUxV51mVNyroyJxtPBcZQj8D/X+XurUucG6iFST05MRlD9g=="
    }
  }
}
