{
  "name": "demo",
  "version": "1.0.0",
  "lockfileVersion": 3,
  "requires": true,
  "packages": {
    "": {
      "name": "demo",
      "version": "1.0.0",
      "license": "ISC",
      "dependencies": {
        "math": "file:../math"
      },
      "devDependencies": {}
    },
    "../math": {
      "version": "1.0.0",
      "license": "ISC"
    },
    "node_modules/math": {
      "resolved": "../math",
      "link": true
    }
  }
}
